{
  "version": 4,
  "terraform_version": "1.11.4",
  "serial": 35,
  "lineage": "cf3e6250-c08f-fce2-b700-9e75c1cb49e3",
  "outputs": {},
  "resources": [
    {
      "mode": "managed",
      "type": "azurerm_resource_group",
      "name": "dev",
      "provider": "provider[\"registry.terraform.io/hashicorp/azurerm\"]",
      "instances": [
        {
          "schema_version": 0,
          "attributes": {
            "id": "/subscriptions/507801e0-4038-4440-a39d-25722764d461/resourceGroups/dev-environment-rg",
            "location": "westeurope",
            "managed_by": "",
            "name": "dev-environment-rg",
            "tags": {},
            "timeouts": null
          },
          "sensitive_attributes": [],
          "private": "eyJlMmJmYjczMC1lY2FhLTExZTYtOGY4OC0zNDM2M2JjN2M0YzAiOnsiY3JlYXRlIjo1NDAwMDAwMDAwMDAwLCJkZWxldGUiOjU0MDAwMDAwMDAwMDAsInJlYWQiOjMwMDAwMDAwMDAwMCwidXBkYXRlIjo1NDAwMDAwMDAwMDAwfX0="
        }
      ]
    },
    {
      "mode": "managed",
      "type": "azurerm_virtual_network",
      "name": "vnet",
      "provider": "provider[\"registry.terraform.io/hashicorp/azurerm\"]",
      "instances": [
        {
          "schema_version": 0,
          "attributes": {
            "address_space": [
              "10.0.0.0/16"
            ],
            "bgp_community": "",
            "ddos_protection_plan": [],
            "dns_servers": [],
            "edge_zone": "",
            "encryption": [],
            "flow_timeout_in_minutes": 0,
            "guid": "8894f92d-4bbe-41bb-b9b0-43646d443e70",
            "id": "/subscriptions/507801e0-4038-4440-a39d-25722764d461/resourceGroups/dev-environment-rg/providers/Microsoft.Network/virtualNetworks/dev-vnet",
            "location": "westeurope",
            "name": "dev-vnet",
            "resource_group_name": "dev-environment-rg",
            "subnet": [
              {
                "address_prefix": "10.0.1.0/24",
                "id": "/subscriptions/507801e0-4038-4440-a39d-25722764d461/resourceGroups/dev-environment-rg/providers/Microsoft.Network/virtualNetworks/dev-vnet/subnets/dev-subnet",
                "name": "dev-subnet",
                "security_group": ""
              },
              {
                "address_prefix": "10.0.2.0/26",
                "id": "/subscriptions/507801e0-4038-4440-a39d-25722764d461/resourceGroups/dev-environment-rg/providers/Microsoft.Network/virtualNetworks/dev-vnet/subnets/AzureBastionSubnet",
                "name": "AzureBastionSubnet",
                "security_group": ""
              }
            ],
            "tags": {},
            "timeouts": null
          },
          "sensitive_attributes": [],
          "private": "eyJlMmJmYjczMC1lY2FhLTExZTYtOGY4OC0zNDM2M2JjN2M0YzAiOnsiY3JlYXRlIjoxODAwMDAwMDAwMDAwLCJkZWxldGUiOjE4MDAwMDAwMDAwMDAsInJlYWQiOjMwMDAwMDAwMDAwMCwidXBkYXRlIjoxODAwMDAwMDAwMDAwfX0=",
          "dependencies": [
            "azurerm_resource_group.dev"
          ]
        }
      ]
    }
  ],
  "check_results": null
}
